
Microsoft Visual Studio Solution File, Format Version 12.00
# Visual Studio Version 17
VisualStudioVersion = 17.8.34322.80
MinimumVisualStudioVersion = 10.0.40219.1
Project("{FAE04EC0-301F-11D3-BF4B-00C04F79EFBC}") = "UsersLoginLib", "UsersLoginLib\UsersLoginLib.csproj", "{1D07F3E8-C6AB-4BE0-9A93-270B5B1E32AA}"
EndProject
Project("{FAE04EC0-301F-11D3-BF4B-00C04F79EFBC}") = "SpecFlowProjectLogin", "SpecFlowProjectLogin\SpecFlowProjectLogin.csproj", "{F111142F-106B-408D-B965-2889297D1204}"
EndProject
Global
	GlobalSection(SolutionConfigurationPlatforms) = preSolution
		Debug|Any CPU = Debug|Any CPU
		Release|Any CPU = Release|Any CPU
	EndGlobalSection
	GlobalSection(ProjectConfigurationPlatforms) = postSolution
		{1D07F3E8-C6AB-4BE0-9A93-270B5B1E32AA}.Debug|Any CPU.ActiveCfg = Debug|Any CPU
		{1D07F3E8-C6AB-4BE0-9A93-270B5B1E32AA}.Debug|Any CPU.Build.0 = Debug|Any CPU
		{1D07F3E8-C6AB-4BE0-9A93-270B5B1E32AA}.Release|Any CPU.ActiveCfg = Release|Any CPU
		{1D07F3E8-C6AB-4BE0-9A93-270B5B1E32AA}.Release|Any CPU.Build.0 = Release|Any CPU
		{F111142F-106B-408D-B965-2889297D1204}.Debug|Any CPU.ActiveCfg = Debug|Any CPU
		{F111142F-106B-408D-B965-2889297D1204}.Debug|Any CPU.Build.0 = Debug|Any CPU
		{F111142F-106B-408D-B965-2889297D1204}.Release|Any CPU.ActiveCfg = Release|Any CPU
		{F111142F-106B-408D-B965-2889297D1204}.Release|Any CPU.Build.0 = Release|Any CPU
	EndGlobalSection
	GlobalSection(SolutionProperties) = preSolution
		HideSolutionNode = FALSE
	EndGlobalSection
	GlobalSection(ExtensibilityGlobals) = postSolution
		SolutionGuid = {9A5C625D-6028-4B47-A8A8-EC7F6F3FAE95}
	EndGlobalSection
EndGlobal
